
Microsoft Visual Studio Solution File, Format Version 12.00
# Visual Studio 2012
Project("{8BC9CEB8-8B4A-11D0-8D11-00A0C91BC942}") = "Ejercicio 1", "Ejercicio 1\Ejercicio 1.vcxproj", "{1CD9DA0D-7504-49F0-BE8C-3A1920C3D619}"
EndProject
Global
	GlobalSection(SolutionConfigurationPlatforms) = preSolution
		Debug|Win32 = Debug|Win32
		Release|Win32 = Release|Win32
	EndGlobalSection
	GlobalSection(ProjectConfigurationPlatforms) = postSolution
		{1CD9DA0D-7504-49F0-BE8C-3A1920C3D619}.Debug|Win32.ActiveCfg = Debug|Win32
		{1CD9DA0D-7504-49F0-BE8C-3A1920C3D619}.Debug|Win32.Build.0 = Debug|Win32
		{1CD9DA0D-7504-49F0-BE8C-3A1920C3D619}.Release|Win32.ActiveCfg = Release|Win32
		{1CD9DA0D-7504-49F0-BE8C-3A1920C3D619}.Release|Win32.Build.0 = Release|Win32
	EndGlobalSection
	GlobalSection(SolutionProperties) = preSolution
		HideSolutionNode = FALSE
	EndGlobalSection
EndGlobal
